
Microsoft Visual Studio Solution File, Format Version 12.00
Project("{2150E333-8FDC-42A3-9474-1A3956D46DE8}") = "Acquisition", "Acquisition", "{411518FA-6B92-4036-AC13-793A80C0B3FD}"
EndProject
Project("{FAE04EC0-301F-11D3-BF4B-00C04F79EFBC}") = "Acquisition.Domain", "Acquisition.Domain\Acquisition.Domain.csproj", "{AC49EC5C-7935-4872-BA74-11C859278057}"
EndProject
Project("{FAE04EC0-301F-11D3-BF4B-00C04F79EFBC}") = "Acquisition.Infrastructure", "Acquisition.Infrastructure\Acquisition.Infrastructure.csproj", "{E5D3B460-7C0E-4C7B-A600-D13CBC18CA24}"
EndProject
Project("{FAE04EC0-301F-11D3-BF4B-00C04F79EFBC}") = "Acquisition.Application", "Acquisition.Application\Acquisition.Application.csproj", "{69B569AE-3159-481F-8D95-6659AE86CE98}"
EndProject
Project("{FAE04EC0-301F-11D3-BF4B-00C04F79EFBC}") = "Acquisition.Api", "Acquisition.Api\Acquisition.Api.csproj", "{0108F407-F72C-458B-854C-1B9811CAF975}"
EndProject
Project("{2150E333-8FDC-42A3-9474-1A3956D46DE8}") = "Consents", "Consents", "{79B25188-B251-4D84-B65E-77FF07E42E47}"
EndProject
Project("{2150E333-8FDC-42A3-9474-1A3956D46DE8}") = "Transformation", "Transformation", "{D691A651-35CD-43C9-A0AA-3910493A5D6A}"
EndProject
Project("{2150E333-8FDC-42A3-9474-1A3956D46DE8}") = "Supporting Domain", "Supporting Domain", "{050E5FD3-5863-4368-8FE4-1DEF89022924}"
EndProject
Project("{FAE04EC0-301F-11D3-BF4B-00C04F79EFBC}") = "Acquisition.Api.Tests.Integration", "Acquisition.Api.Tests.Integration\Acquisition.Api.Tests.Integration.csproj", "{2D85B968-FEC1-4845-BFCF-501DF2C7C569}"
EndProject
Project("{FAE04EC0-301F-11D3-BF4B-00C04F79EFBC}") = "Acquisition.Api.Tests.Acceptance", "Acquisition.Api.Tests.Acceptance\Acquisition.Api.Tests.Acceptance.csproj", "{7E0A26C6-95C5-42FD-8B99-41A0B9992A1F}"
EndProject
Global
	GlobalSection(SolutionConfigurationPlatforms) = preSolution
		Debug|Any CPU = Debug|Any CPU
		Release|Any CPU = Release|Any CPU
	EndGlobalSection
	GlobalSection(ProjectConfigurationPlatforms) = postSolution
		{AC49EC5C-7935-4872-BA74-11C859278057}.Debug|Any CPU.ActiveCfg = Debug|Any CPU
		{AC49EC5C-7935-4872-BA74-11C859278057}.Debug|Any CPU.Build.0 = Debug|Any CPU
		{AC49EC5C-7935-4872-BA74-11C859278057}.Release|Any CPU.ActiveCfg = Release|Any CPU
		{AC49EC5C-7935-4872-BA74-11C859278057}.Release|Any CPU.Build.0 = Release|Any CPU
		{E5D3B460-7C0E-4C7B-A600-D13CBC18CA24}.Debug|Any CPU.ActiveCfg = Debug|Any CPU
		{E5D3B460-7C0E-4C7B-A600-D13CBC18CA24}.Debug|Any CPU.Build.0 = Debug|Any CPU
		{E5D3B460-7C0E-4C7B-A600-D13CBC18CA24}.Release|Any CPU.ActiveCfg = Release|Any CPU
		{E5D3B460-7C0E-4C7B-A600-D13CBC18CA24}.Release|Any CPU.Build.0 = Release|Any CPU
		{69B569AE-3159-481F-8D95-6659AE86CE98}.Debug|Any CPU.ActiveCfg = Debug|Any CPU
		{69B569AE-3159-481F-8D95-6659AE86CE98}.Debug|Any CPU.Build.0 = Debug|Any CPU
		{69B569AE-3159-481F-8D95-6659AE86CE98}.Release|Any CPU.ActiveCfg = Release|Any CPU
		{69B569AE-3159-481F-8D95-6659AE86CE98}.Release|Any CPU.Build.0 = Release|Any CPU
		{0108F407-F72C-458B-854C-1B9811CAF975}.Debug|Any CPU.ActiveCfg = Debug|Any CPU
		{0108F407-F72C-458B-854C-1B9811CAF975}.Debug|Any CPU.Build.0 = Debug|Any CPU
		{0108F407-F72C-458B-854C-1B9811CAF975}.Release|Any CPU.ActiveCfg = Release|Any CPU
		{0108F407-F72C-458B-854C-1B9811CAF975}.Release|Any CPU.Build.0 = Release|Any CPU
		{2D85B968-FEC1-4845-BFCF-501DF2C7C569}.Debug|Any CPU.ActiveCfg = Debug|Any CPU
		{2D85B968-FEC1-4845-BFCF-501DF2C7C569}.Debug|Any CPU.Build.0 = Debug|Any CPU
		{2D85B968-FEC1-4845-BFCF-501DF2C7C569}.Release|Any CPU.ActiveCfg = Release|Any CPU
		{2D85B968-FEC1-4845-BFCF-501DF2C7C569}.Release|Any CPU.Build.0 = Release|Any CPU
		{7E0A26C6-95C5-42FD-8B99-41A0B9992A1F}.Debug|Any CPU.ActiveCfg = Debug|Any CPU
		{7E0A26C6-95C5-42FD-8B99-41A0B9992A1F}.Debug|Any CPU.Build.0 = Debug|Any CPU
		{7E0A26C6-95C5-42FD-8B99-41A0B9992A1F}.Release|Any CPU.ActiveCfg = Release|Any CPU
		{7E0A26C6-95C5-42FD-8B99-41A0B9992A1F}.Release|Any CPU.Build.0 = Release|Any CPU
	EndGlobalSection
	GlobalSection(NestedProjects) = preSolution
		{AC49EC5C-7935-4872-BA74-11C859278057} = {411518FA-6B92-4036-AC13-793A80C0B3FD}
		{E5D3B460-7C0E-4C7B-A600-D13CBC18CA24} = {411518FA-6B92-4036-AC13-793A80C0B3FD}
		{69B569AE-3159-481F-8D95-6659AE86CE98} = {411518FA-6B92-4036-AC13-793A80C0B3FD}
		{0108F407-F72C-458B-854C-1B9811CAF975} = {411518FA-6B92-4036-AC13-793A80C0B3FD}
		{79B25188-B251-4D84-B65E-77FF07E42E47} = {050E5FD3-5863-4368-8FE4-1DEF89022924}
		{2D85B968-FEC1-4845-BFCF-501DF2C7C569} = {411518FA-6B92-4036-AC13-793A80C0B3FD}
		{7E0A26C6-95C5-42FD-8B99-41A0B9992A1F} = {411518FA-6B92-4036-AC13-793A80C0B3FD}
	EndGlobalSection
EndGlobal
